<?xml version="1.0" encoding="utf-8"?>
<Project ToolsVersion="4.0" xmlns="http://schemas.microsoft.com/developer/msbuild/2003">
  <ItemGroup>
    <Filter Include="Source Files">
      <UniqueIdentifier>{4FC737F1-C7A5-4376-A066-2A32D752A2FF}</UniqueIdentifier>
      <Extensions>cpp;c;cc;cxx;c++;cppm;ixx;def;odl;idl;hpj;bat;asm;asmx</Extensions>
    </Filter>
    <Filter Include="Header Files">
      <UniqueIdentifier>{93995380-89BD-4b04-88EB-625FBE52EBFB}</UniqueIdentifier>
      <Extensions>h;hh;hpp;hxx;h++;hm;inl;inc;ipp;xsd</Extensions>
    </Filter>
    <Filter Include="Resource Files">
      <UniqueIdentifier>{67DA6AB6-F800-4c08-8B7A-83BB121AAD01}</UniqueIdentifier>
      <Extensions>rc;ico;cur;bmp;dlg;rc2;rct;bin;rgs;gif;jpg;jpeg;jpe;resx;tiff;tif;png;wav;mfcribbon-ms</Extensions>
    </Filter>
    <Filter Include="Resources">
      <UniqueIdentifier>{eb790c45-becd-4695-9a38-e054759cbfe8}</UniqueIdentifier>
    </Filter>
    <Filter Include="Resources\Shaders">
      <UniqueIdentifier>{814f22b4-b1b8-470e-9b35-d61890e23f3b}</UniqueIdentifier>
    </Filter>
    <Filter Include="Header Files\External">
      <UniqueIdentifier>{75d3c921-9cee-4f8c-afe7-121eb2bdb0f5}</UniqueIdentifier>
    </Filter>
    <Filter Include="Header Files\External\Imgui">
      <UniqueIdentifier>{8b035aaa-f6f5-4f26-a68b-3ba933541b5e}</UniqueIdentifier>
    </Filter>
    <Filter Include="Source Files\External">
      <UniqueIdentifier>{d9ec1164-8c4f-43f9-9d07-e5a6734ded2a}</UniqueIdentifier>
    </Filter>
    <Filter Include="Source Files\External\Imgui">
      <UniqueIdentifier>{b23313e1-f4ed-4045-8079-c466aabf26bd}</UniqueIdentifier>
    </Filter>
    <Filter Include="Source Files\RenderShaders">
      <UniqueIdentifier>{621270b1-0185-4040-bb1c-5f5b46e236cc}</UniqueIdentifier>
    </Filter>
    <Filter Include="Header Files\RenderShaders">
      <UniqueIdentifier>{c3b1cc04-d811-4af4-9c10-3c9a4c18076f}</UniqueIdentifier>
    </Filter>
    <Filter Include="Header Files\Drawable">
      <UniqueIdentifier>{f664592e-ff31-4938-b5f4-8f9fc1271e0a}</UniqueIdentifier>
    </Filter>
    <Filter Include="Source Files\Drawable">
      <UniqueIdentifier>{a41a4dc1-cabd-47a5-8015-39b6a8670522}</UniqueIdentifier>
    </Filter>
    <Filter Include="Header Files\Systems">
      <UniqueIdentifier>{2e8c33a3-2b62-4473-bd6b-02bba1a23638}</UniqueIdentifier>
    </Filter>
    <Filter Include="Source Files\Systems">
      <UniqueIdentifier>{bb2fad00-7ddb-446f-a840-016acdb61018}</UniqueIdentifier>
    </Filter>
  </ItemGroup>
  <ItemGroup>
    <ClCompile Include="source\Camera.cpp">
      <Filter>Source Files</Filter>
    </ClCompile>
    <ClCompile Include="source\D3D11Class.cpp">
      <Filter>Source Files</Filter>
    </ClCompile>
    <ClCompile Include="source\GraphicsEngine.cpp">
      <Filter>Source Files</Filter>
    </ClCompile>
    <ClCompile Include="source\SystemClass.cpp">
      <Filter>Source Files</Filter>
    </ClCompile>
    <ClCompile Include="source\ImGuiInterface.cpp">
      <Filter>Source Files\External</Filter>
    </ClCompile>
    <ClCompile Include="source\CustomImGui.cpp">
      <Filter>Source Files</Filter>
    </ClCompile>
    <ClCompile Include="external\imgui\imgui.cpp">
      <Filter>Source Files\External\Imgui</Filter>
    </ClCompile>
    <ClCompile Include="external\imgui\imgui_demo.cpp">
      <Filter>Source Files\External\Imgui</Filter>
    </ClCompile>
    <ClCompile Include="external\imgui\imgui_draw.cpp">
      <Filter>Source Files\External\Imgui</Filter>
    </ClCompile>
    <ClCompile Include="external\imgui\imgui_impl_dx11.cpp">
      <Filter>Source Files\External\Imgui</Filter>
    </ClCompile>
    <ClCompile Include="external\imgui\imgui_impl_win32.cpp">
      <Filter>Source Files\External\Imgui</Filter>
    </ClCompile>
    <ClCompile Include="external\imgui\imgui_widgets.cpp">
      <Filter>Source Files\External\Imgui</Filter>
    </ClCompile>
    <ClCompile Include="external\directxtex\DDSTextureLoader\DDSTextureLoader11.cpp">
      <Filter>Source Files\External</Filter>
    </ClCompile>
    <ClCompile Include="source\Engine.cpp">
      <Filter>Source Files</Filter>
    </ClCompile>
    <ClCompile Include="source\CU\Input.cpp">
      <Filter>Source Files\External</Filter>
    </ClCompile>
    <ClCompile Include="source\LightShader.cpp">
      <Filter>Source Files\RenderShaders</Filter>
    </ClCompile>
    <ClCompile Include="source\Model.cpp">
      <Filter>Source Files\Drawable</Filter>
    </ClCompile>
    <ClCompile Include="source\FBXImporter.cpp">
      <Filter>Source Files\Systems</Filter>
    </ClCompile>
    <ClCompile Include="source\ModelFactory.cpp">
      <Filter>Source Files\Systems</Filter>
    </ClCompile>
    <ClCompile Include="source\RenderTexture.cpp">
      <Filter>Source Files\Drawable</Filter>
    </ClCompile>
    <ClCompile Include="source\Texture.cpp">
      <Filter>Source Files\Drawable</Filter>
    </ClCompile>
    <ClCompile Include="source\WinMain.cpp">
      <Filter>Source Files</Filter>
    </ClCompile>
  </ItemGroup>
  <ItemGroup>
    <ClInclude Include="source\Camera.h">
      <Filter>Header Files</Filter>
    </ClInclude>
    <ClInclude Include="source\D3D11Class.h">
      <Filter>Header Files</Filter>
    </ClInclude>
    <ClInclude Include="source\GraphicsEngine.h">
      <Filter>Header Files</Filter>
    </ClInclude>
    <ClInclude Include="source\Light.h">
      <Filter>Header Files</Filter>
    </ClInclude>
    <ClInclude Include="source\ImGuiInterface.h">
      <Filter>Header Files\External</Filter>
    </ClInclude>
    <ClInclude Include="source\CustomImGui.h">
      <Filter>Header Files</Filter>
    </ClInclude>
    <ClInclude Include="source\ImGuiInfo.h">
      <Filter>Header Files</Filter>
    </ClInclude>
    <ClInclude Include="external\imgui\imconfig.h">
      <Filter>Header Files\External\Imgui</Filter>
    </ClInclude>
    <ClInclude Include="external\imgui\imgui.h">
      <Filter>Header Files\External\Imgui</Filter>
    </ClInclude>
    <ClInclude Include="external\imgui\imgui_impl_dx11.h">
      <Filter>Header Files\External\Imgui</Filter>
    </ClInclude>
    <ClInclude Include="external\imgui\imgui_impl_win32.h">
      <Filter>Header Files\External\Imgui</Filter>
    </ClInclude>
    <ClInclude Include="external\imgui\imgui_internal.h">
      <Filter>Header Files\External\Imgui</Filter>
    </ClInclude>
    <ClInclude Include="external\imgui\imstb_rectpack.h">
      <Filter>Header Files\External\Imgui</Filter>
    </ClInclude>
    <ClInclude Include="external\imgui\imstb_textedit.h">
      <Filter>Header Files\External\Imgui</Filter>
    </ClInclude>
    <ClInclude Include="external\imgui\imstb_truetype.h">
      <Filter>Header Files\External\Imgui</Filter>
    </ClInclude>
    <ClInclude Include="external\directxtex\DDSTextureLoader\DDSTextureLoader11.h">
      <Filter>Header Files\External</Filter>
    </ClInclude>
    <ClInclude Include="source\Engine.h">
      <Filter>Header Files</Filter>
    </ClInclude>
    <ClInclude Include="source\CU\Input.h">
      <Filter>Header Files\External</Filter>
    </ClInclude>
    <ClInclude Include="source\LightShader.h">
      <Filter>Header Files\RenderShaders</Filter>
    </ClInclude>
    <ClInclude Include="source\Model.h">
      <Filter>Header Files\Drawable</Filter>
    </ClInclude>
    <ClInclude Include="source\Vertex.h">
      <Filter>Header Files\Drawable</Filter>
    </ClInclude>
    <ClInclude Include="source\Texture.h">
      <Filter>Header Files\Drawable</Filter>
    </ClInclude>
    <ClInclude Include="source\RenderTexture.h">
      <Filter>Header Files\Drawable</Filter>
    </ClInclude>
    <ClInclude Include="source\SystemClass.h">
      <Filter>Header Files\Systems</Filter>
    </ClInclude>
    <ClInclude Include="source\ModelFactory.h">
      <Filter>Header Files\Systems</Filter>
    </ClInclude>
    <ClInclude Include="source\FBXdef.h">
      <Filter>Header Files\Systems</Filter>
    </ClInclude>
    <ClInclude Include="source\FBXImporter.h">
      <Filter>Header Files\Systems</Filter>
    </ClInclude>
    <ClInclude Include="source\stb_image.h">
      <Filter>Header Files\External</Filter>
    </ClInclude>
    <ClInclude Include="source\TextureTypes.h">
      <Filter>Header Files</Filter>
    </ClInclude>
  </ItemGroup>
  <ItemGroup>
    <FxCompile Include="source\shaders\LightPS.hlsl">
      <Filter>Resources\Shaders</Filter>
    </FxCompile>
    <FxCompile Include="source\shaders\LightVS.hlsl">
      <Filter>Resources\Shaders</Filter>
    </FxCompile>
  </ItemGroup>
  <ItemGroup>
    <None Include="source\shaders\ShaderStructs.hlsli">
      <Filter>Resources\Shaders</Filter>
    </None>
    <None Include="source\shaders\CommonFunctions.hlsli">
      <Filter>Resources\Shaders</Filter>
    </None>
    <None Include="source\shaders\PBRFunctions.hlsli">
      <Filter>Resources\Shaders</Filter>
    </None>
    <None Include="source\shaders\ShaderCommon.hlsli">
      <Filter>Resources\Shaders</Filter>
    </None>
  </ItemGroup>
</Project>